{
  "name": "Program:Code",
  "lockfileVersion": 3,
  "requires": true,
  "packages": {
    "": {
      "dependencies": {
        "ppp": "^0.8.6"
      }
    },
    "node_modules/ppp": {
      "version": "0.8.6",
      "resolved": "https://registry.npmjs.org/ppp/-/ppp-0.8.6.tgz",
      "integrity": "sha512-sr3Jo0iZl0G9ky+/VgI3lbQJ4ZEy+21t6RXzn6vmjFrpIPVWR3ATtP3xnSKD74h4w4Cw6Np+mwfT3aBfPjnHrg==",
      "license": "MIT"
    }
  }
}
